
Microsoft Visual Studio Solution File, Format Version 12.00
# Visual Studio 15
VisualStudioVersion = 15.0.28307.2092
MinimumVisualStudioVersion = 10.0.40219.1
Project("{FAE04EC0-301F-11D3-BF4B-00C04F79EFBC}") = "AdjustBrightness", "AdjustBrightness\AdjustBrightness.csproj", "{80DD2A4F-1480-45AF-822B-1778CCAEBD82}"
EndProject
Global
	GlobalSection(SolutionConfigurationPlatforms) = preSolution
		Debug|Any CPU = Debug|Any CPU
		Release|Any CPU = Release|Any CPU
	EndGlobalSection
	GlobalSection(ProjectConfigurationPlatforms) = postSolution
		{80DD2A4F-1480-45AF-822B-1778CCAEBD82}.Debug|Any CPU.ActiveCfg = Debug|Any CPU
		{80DD2A4F-1480-45AF-822B-1778CCAEBD82}.Debug|Any CPU.Build.0 = Debug|Any CPU
		{80DD2A4F-1480-45AF-822B-1778CCAEBD82}.Release|Any CPU.ActiveCfg = Release|Any CPU
		{80DD2A4F-1480-45AF-822B-1778CCAEBD82}.Release|Any CPU.Build.0 = Release|Any CPU
	EndGlobalSection
	GlobalSection(SolutionProperties) = preSolution
		HideSolutionNode = FALSE
	EndGlobalSection
	GlobalSection(ExtensibilityGlobals) = postSolution
		SolutionGuid = {7A146BE1-3669-46D5-A14C-E1D5D84F8EC9}
	EndGlobalSection
EndGlobal
